
Microsoft Visual Studio Solution File, Format Version 12.00
# Visual Studio 15
VisualStudioVersion = 15.0.28307.645
MinimumVisualStudioVersion = 10.0.40219.1
Project("{FAE04EC0-301F-11D3-BF4B-00C04F79EFBC}") = "Entity_framework", "Entity_framework\Entity_framework.csproj", "{F7798135-D4D7-4A19-A84D-61C0B02B2631}"
EndProject
Global
	GlobalSection(SolutionConfigurationPlatforms) = preSolution
		Debug|Any CPU = Debug|Any CPU
		Release|Any CPU = Release|Any CPU
	EndGlobalSection
	GlobalSection(ProjectConfigurationPlatforms) = postSolution
		{F7798135-D4D7-4A19-A84D-61C0B02B2631}.Debug|Any CPU.ActiveCfg = Debug|Any CPU
		{F7798135-D4D7-4A19-A84D-61C0B02B2631}.Debug|Any CPU.Build.0 = Debug|Any CPU
		{F7798135-D4D7-4A19-A84D-61C0B02B2631}.Release|Any CPU.ActiveCfg = Release|Any CPU
		{F7798135-D4D7-4A19-A84D-61C0B02B2631}.Release|Any CPU.Build.0 = Release|Any CPU
	EndGlobalSection
	GlobalSection(SolutionProperties) = preSolution
		HideSolutionNode = FALSE
	EndGlobalSection
	GlobalSection(ExtensibilityGlobals) = postSolution
		SolutionGuid = {79B6AE42-144B-4AD2-995A-7B4D4448BC9C}
	EndGlobalSection
EndGlobal
