
Microsoft Visual Studio Solution File, Format Version 12.00
# Visual Studio 15
VisualStudioVersion = 15.0.28307.645
MinimumVisualStudioVersion = 10.0.40219.1
Project("{FAE04EC0-301F-11D3-BF4B-00C04F79EFBC}") = "FantasyFootbal", "FantasyFootbal\FantasyFootbal.csproj", "{AFA7DD02-B057-4D6B-AA68-A82B72892E54}"
EndProject
Global
	GlobalSection(SolutionConfigurationPlatforms) = preSolution
		Debug|Any CPU = Debug|Any CPU
		Release|Any CPU = Release|Any CPU
	EndGlobalSection
	GlobalSection(ProjectConfigurationPlatforms) = postSolution
		{AFA7DD02-B057-4D6B-AA68-A82B72892E54}.Debug|Any CPU.ActiveCfg = Debug|Any CPU
		{AFA7DD02-B057-4D6B-AA68-A82B72892E54}.Debug|Any CPU.Build.0 = Debug|Any CPU
		{AFA7DD02-B057-4D6B-AA68-A82B72892E54}.Release|Any CPU.ActiveCfg = Release|Any CPU
		{AFA7DD02-B057-4D6B-AA68-A82B72892E54}.Release|Any CPU.Build.0 = Release|Any CPU
	EndGlobalSection
	GlobalSection(SolutionProperties) = preSolution
		HideSolutionNode = FALSE
	EndGlobalSection
	GlobalSection(ExtensibilityGlobals) = postSolution
		SolutionGuid = {17EE044D-9F0B-409F-93F1-19746F75FFE9}
	EndGlobalSection
EndGlobal
