
Microsoft Visual Studio Solution File, Format Version 12.00
# Visual Studio 15
VisualStudioVersion = 15.0.28307.645
MinimumVisualStudioVersion = 10.0.40219.1
Project("{FAE04EC0-301F-11D3-BF4B-00C04F79EFBC}") = "Complex_numbers", "Complex_numbers\Complex_numbers.csproj", "{9AB79F39-5F91-4604-8F5F-AE201736D455}"
EndProject
Global
	GlobalSection(SolutionConfigurationPlatforms) = preSolution
		Debug|Any CPU = Debug|Any CPU
		Release|Any CPU = Release|Any CPU
	EndGlobalSection
	GlobalSection(ProjectConfigurationPlatforms) = postSolution
		{9AB79F39-5F91-4604-8F5F-AE201736D455}.Debug|Any CPU.ActiveCfg = Debug|Any CPU
		{9AB79F39-5F91-4604-8F5F-AE201736D455}.Debug|Any CPU.Build.0 = Debug|Any CPU
		{9AB79F39-5F91-4604-8F5F-AE201736D455}.Release|Any CPU.ActiveCfg = Release|Any CPU
		{9AB79F39-5F91-4604-8F5F-AE201736D455}.Release|Any CPU.Build.0 = Release|Any CPU
	EndGlobalSection
	GlobalSection(SolutionProperties) = preSolution
		HideSolutionNode = FALSE
	EndGlobalSection
	GlobalSection(ExtensibilityGlobals) = postSolution
		SolutionGuid = {87327E2B-40AF-416C-A896-1303B7D2CCF2}
	EndGlobalSection
EndGlobal
