
Microsoft Visual Studio Solution File, Format Version 12.00
# Visual Studio 15
VisualStudioVersion = 15.0.28307.645
MinimumVisualStudioVersion = 10.0.40219.1
Project("{FAE04EC0-301F-11D3-BF4B-00C04F79EFBC}") = "Acronym", "Acronym\Acronym.csproj", "{03F89F63-15B8-4C8E-AB3D-1D8D64E2528E}"
EndProject
Global
	GlobalSection(SolutionConfigurationPlatforms) = preSolution
		Debug|Any CPU = Debug|Any CPU
		Release|Any CPU = Release|Any CPU
	EndGlobalSection
	GlobalSection(ProjectConfigurationPlatforms) = postSolution
		{03F89F63-15B8-4C8E-AB3D-1D8D64E2528E}.Debug|Any CPU.ActiveCfg = Debug|Any CPU
		{03F89F63-15B8-4C8E-AB3D-1D8D64E2528E}.Debug|Any CPU.Build.0 = Debug|Any CPU
		{03F89F63-15B8-4C8E-AB3D-1D8D64E2528E}.Release|Any CPU.ActiveCfg = Release|Any CPU
		{03F89F63-15B8-4C8E-AB3D-1D8D64E2528E}.Release|Any CPU.Build.0 = Release|Any CPU
	EndGlobalSection
	GlobalSection(SolutionProperties) = preSolution
		HideSolutionNode = FALSE
	EndGlobalSection
	GlobalSection(ExtensibilityGlobals) = postSolution
		SolutionGuid = {2ADA6C1E-A9C0-4C95-9EA5-FC84F08D2EF0}
	EndGlobalSection
EndGlobal
