
Microsoft Visual Studio Solution File, Format Version 12.00
# Visual Studio 15
VisualStudioVersion = 15.0.28307.645
MinimumVisualStudioVersion = 10.0.40219.1
Project("{FAE04EC0-301F-11D3-BF4B-00C04F79EFBC}") = "AdoNet", "AdoNet\AdoNet.csproj", "{0C2D1CA2-1BBC-4B72-A684-AAC651527EF1}"
EndProject
Project("{FAE04EC0-301F-11D3-BF4B-00C04F79EFBC}") = "AdoNet_Using", "AdoNet_Using\AdoNet_Using.csproj", "{AA28EC03-FA17-44A0-9329-46ECCF4027DB}"
EndProject
Global
	GlobalSection(SolutionConfigurationPlatforms) = preSolution
		Debug|Any CPU = Debug|Any CPU
		Release|Any CPU = Release|Any CPU
	EndGlobalSection
	GlobalSection(ProjectConfigurationPlatforms) = postSolution
		{0C2D1CA2-1BBC-4B72-A684-AAC651527EF1}.Debug|Any CPU.ActiveCfg = Debug|Any CPU
		{0C2D1CA2-1BBC-4B72-A684-AAC651527EF1}.Debug|Any CPU.Build.0 = Debug|Any CPU
		{0C2D1CA2-1BBC-4B72-A684-AAC651527EF1}.Release|Any CPU.ActiveCfg = Release|Any CPU
		{0C2D1CA2-1BBC-4B72-A684-AAC651527EF1}.Release|Any CPU.Build.0 = Release|Any CPU
		{AA28EC03-FA17-44A0-9329-46ECCF4027DB}.Debug|Any CPU.ActiveCfg = Debug|Any CPU
		{AA28EC03-FA17-44A0-9329-46ECCF4027DB}.Debug|Any CPU.Build.0 = Debug|Any CPU
		{AA28EC03-FA17-44A0-9329-46ECCF4027DB}.Release|Any CPU.ActiveCfg = Release|Any CPU
		{AA28EC03-FA17-44A0-9329-46ECCF4027DB}.Release|Any CPU.Build.0 = Release|Any CPU
	EndGlobalSection
	GlobalSection(SolutionProperties) = preSolution
		HideSolutionNode = FALSE
	EndGlobalSection
	GlobalSection(ExtensibilityGlobals) = postSolution
		SolutionGuid = {80F0903B-5FF4-497F-9A8F-B49825016D01}
	EndGlobalSection
EndGlobal
