
Microsoft Visual Studio Solution File, Format Version 12.00
# Visual Studio 15
VisualStudioVersion = 15.0.28307.645
MinimumVisualStudioVersion = 10.0.40219.1
Project("{FAE04EC0-301F-11D3-BF4B-00C04F79EFBC}") = "Entity_Framework_Classwork", "Entity_Framework_Classwork\Entity_Framework_Classwork.csproj", "{346015AC-9834-4C2B-9CF9-729C4B5396A5}"
EndProject
Global
	GlobalSection(SolutionConfigurationPlatforms) = preSolution
		Debug|Any CPU = Debug|Any CPU
		Release|Any CPU = Release|Any CPU
	EndGlobalSection
	GlobalSection(ProjectConfigurationPlatforms) = postSolution
		{346015AC-9834-4C2B-9CF9-729C4B5396A5}.Debug|Any CPU.ActiveCfg = Debug|Any CPU
		{346015AC-9834-4C2B-9CF9-729C4B5396A5}.Debug|Any CPU.Build.0 = Debug|Any CPU
		{346015AC-9834-4C2B-9CF9-729C4B5396A5}.Release|Any CPU.ActiveCfg = Release|Any CPU
		{346015AC-9834-4C2B-9CF9-729C4B5396A5}.Release|Any CPU.Build.0 = Release|Any CPU
	EndGlobalSection
	GlobalSection(SolutionProperties) = preSolution
		HideSolutionNode = FALSE
	EndGlobalSection
	GlobalSection(ExtensibilityGlobals) = postSolution
		SolutionGuid = {C296C7B8-E0D2-4D93-B95F-07612030EA69}
	EndGlobalSection
EndGlobal
